// !$*UTF8*$!
{
	archiveVersion = 1;
	classes = {
	};
	objectVersion = 46;
	objects = {

/* Begin PBXBuildFile section */
		93DFB03DFC16DB5E63E6D19D /* Day4.swift in Sources */ = {isa = PBXBuildFile; fileRef = 93DFBAD4D6EA4D17E638E326 /* Day4.swift */; };
		93DFB49A162B70CDEAD41AFF /* Day3.swift in Sources */ = {isa = PBXBuildFile; fileRef = 93DFB4FC6C783FD4C7CBA305 /* Day3.swift */; };
		93DFB5D235AE73D72EC8C3BA /* Day5.swift in Sources */ = {isa = PBXBuildFile; fileRef = 93DFBAF62C6F7BC672114F4B /* Day5.swift */; };
		93DFB75A643F3C9B6C6D03E6 /* Day6.swift in Sources */ = {isa = PBXBuildFile; fileRef = 93DFBDB013CB223988FA22C2 /* Day6.swift */; };
		93DFB9B6C05E4CB8D0A25639 /* Day7.swift in Sources */ = {isa = PBXBuildFile; fileRef = 93DFB6D26A06C7597225EB0F /* Day7.swift */; };
		93DFBDABDAC32996ED3C431A /* Day2.swift in Sources */ = {isa = PBXBuildFile; fileRef = 93DFB7B59321DC40D0F72067 /* Day2.swift */; };
		93DFBDEDCBCCE54BF38C9291 /* main.swift in Sources */ = {isa = PBXBuildFile; fileRef = 93DFBBAC785AB89038494265 /* main.swift */; };
		93DFBE2BACD38203ED9993DB /* Day1.swift in Sources */ = {isa = PBXBuildFile; fileRef = 93DFBCCA9592EDD11EF5937B /* Day1.swift */; };
/* End PBXBuildFile section */

/* Begin PBXCopyFilesBuildPhase section */
		93DFB97F0CEC0C9105BE2CD8 /* CopyFiles */ = {
			isa = PBXCopyFilesBuildPhase;
			buildActionMask = 2147483647;
			dstPath = /usr/share/man/man1/;
			dstSubfolderSpec = 0;
			files = (
			);
			runOnlyForDeploymentPostprocessing = 1;
		};
/* End PBXCopyFilesBuildPhase section */

/* Begin PBXFileReference section */
		93DFB015146BD6E317F24E60 /* day4.txt */ = {isa = PBXFileReference; fileEncoding = 4; lastKnownFileType = text; path = day4.txt; sourceTree = "<group>"; };
		93DFB08FA4E845AFC5C1A8D6 /* day5.txt */ = {isa = PBXFileReference; fileEncoding = 4; lastKnownFileType = text; path = day5.txt; sourceTree = "<group>"; };
		93DFB1768EA4F49DF561482B /* AdventOfCode2022 */ = {isa = PBXFileReference; explicitFileType = "compiled.mach-o.executable"; includeInIndex = 0; path = AdventOfCode2022; sourceTree = BUILT_PRODUCTS_DIR; };
		93DFB2975AA3E5F4786BB80D /* day7.txt */ = {isa = PBXFileReference; fileEncoding = 4; lastKnownFileType = text; path = day7.txt; sourceTree = "<group>"; };
		93DFB32BEC04D73AB6107B3D /* day3.txt */ = {isa = PBXFileReference; lastKnownFileType = file.tzt; path = day3.txt; sourceTree = "<group>"; };
		93DFB4FC6C783FD4C7CBA305 /* Day3.swift */ = {isa = PBXFileReference; fileEncoding = 4; lastKnownFileType = sourcecode.swift; path = Day3.swift; sourceTree = "<group>"; };
		93DFB6D26A06C7597225EB0F /* Day7.swift */ = {isa = PBXFileReference; fileEncoding = 4; lastKnownFileType = sourcecode.swift; path = Day7.swift; sourceTree = "<group>"; };
		93DFB7B59321DC40D0F72067 /* Day2.swift */ = {isa = PBXFileReference; fileEncoding = 4; lastKnownFileType = sourcecode.swift; path = Day2.swift; sourceTree = "<group>"; };
		93DFB9750A72BF42E5A9EEC6 /* day1.txt */ = {isa = PBXFileReference; fileEncoding = 4; lastKnownFileType = text; path = day1.txt; sourceTree = "<group>"; };
		93DFBA5C1E68719DAAF26BB9 /* day2.txt */ = {isa = PBXFileReference; fileEncoding = 4; lastKnownFileType = text; path = day2.txt; sourceTree = "<group>"; };
		93DFBAD4D6EA4D17E638E326 /* Day4.swift */ = {isa = PBXFileReference; fileEncoding = 4; lastKnownFileType = sourcecode.swift; path = Day4.swift; sourceTree = "<group>"; };
		93DFBAF62C6F7BC672114F4B /* Day5.swift */ = {isa = PBXFileReference; fileEncoding = 4; lastKnownFileType = sourcecode.swift; path = Day5.swift; sourceTree = "<group>"; };
		93DFBBAC785AB89038494265 /* main.swift */ = {isa = PBXFileReference; lastKnownFileType = sourcecode.swift; path = main.swift; sourceTree = "<group>"; };
		93DFBCCA9592EDD11EF5937B /* Day1.swift */ = {isa = PBXFileReference; fileEncoding = 4; lastKnownFileType = sourcecode.swift; path = Day1.swift; sourceTree = "<group>"; };
		93DFBDB013CB223988FA22C2 /* Day6.swift */ = {isa = PBXFileReference; fileEncoding = 4; lastKnownFileType = sourcecode.swift; path = Day6.swift; sourceTree = "<group>"; };
		93DFBEEB5081B22A54FEC4F9 /* day6.txt */ = {isa = PBXFileReference; fileEncoding = 4; lastKnownFileType = text; path = day6.txt; sourceTree = "<group>"; };
/* End PBXFileReference section */

/* Begin PBXFrameworksBuildPhase section */
		93DFB992E64F0CF24D65A866 /* Frameworks */ = {
			isa = PBXFrameworksBuildPhase;
			buildActionMask = 2147483647;
			files = (
			);
			runOnlyForDeploymentPostprocessing = 0;
		};
/* End PBXFrameworksBuildPhase section */

/* Begin PBXGroup section */
		93DFB2C5DA3B5B0F927C73DE = {
			isa = PBXGroup;
			children = (
				93DFB4C57993937D3B1EE3E9 /* Products */,
				93DFB4588C7809481FB6A488 /* AdventOfCode2022 */,
			);
			sourceTree = "<group>";
		};
		93DFB4588C7809481FB6A488 /* AdventOfCode2022 */ = {
			isa = PBXGroup;
			children = (
				93DFBBAC785AB89038494265 /* main.swift */,
				93DFBCCA9592EDD11EF5937B /* Day1.swift */,
				93DFB9750A72BF42E5A9EEC6 /* day1.txt */,
				93DFBA5C1E68719DAAF26BB9 /* day2.txt */,
				93DFB7B59321DC40D0F72067 /* Day2.swift */,
				93DFB4FC6C783FD4C7CBA305 /* Day3.swift */,
				93DFB32BEC04D73AB6107B3D /* day3.txt */,
				93DFBAD4D6EA4D17E638E326 /* Day4.swift */,
				93DFB015146BD6E317F24E60 /* day4.txt */,
				93DFBAF62C6F7BC672114F4B /* Day5.swift */,
				93DFB08FA4E845AFC5C1A8D6 /* day5.txt */,
				93DFBDB013CB223988FA22C2 /* Day6.swift */,
				93DFBEEB5081B22A54FEC4F9 /* day6.txt */,
				93DFB6D26A06C7597225EB0F /* Day7.swift */,
				93DFB2975AA3E5F4786BB80D /* day7.txt */,
			);
			path = AdventOfCode2022;
			sourceTree = "<group>";
		};
		93DFB4C57993937D3B1EE3E9 /* Products */ = {
			isa = PBXGroup;
			children = (
				93DFB1768EA4F49DF561482B /* AdventOfCode2022 */,
			);
			name = Products;
			sourceTree = "<group>";
		};
/* End PBXGroup section */

/* Begin PBXNativeTarget section */
		93DFB5D8D0EFBC46BE255618 /* AdventOfCode2022 */ = {
			isa = PBXNativeTarget;
			buildConfigurationList = 93DFB388520AFAD4C4D46EBC /* Build configuration list for PBXNativeTarget "AdventOfCode2022" */;
			buildPhases = (
				93DFB9F358E495845BFB6C31 /* Sources */,
				93DFB992E64F0CF24D65A866 /* Frameworks */,
				93DFB97F0CEC0C9105BE2CD8 /* CopyFiles */,
			);
			buildRules = (
			);
			dependencies = (
			);
			name = AdventOfCode2022;
			productName = AdventOfCode2022;
			productReference = 93DFB1768EA4F49DF561482B /* AdventOfCode2022 */;
			productType = "com.apple.product-type.tool";
		};
/* End PBXNativeTarget section */

/* Begin PBXProject section */
		93DFB45D172EC5A1C3AC395F /* Project object */ = {
			isa = PBXProject;
			buildConfigurationList = 93DFBE5A87FBAA0372244C7A /* Build configuration list for PBXProject "AdventOfCode2022" */;
			compatibilityVersion = "Xcode 3.2";
			developmentRegion = English;
			hasScannedForEncodings = 0;
			knownRegions = (
				en,
			);
			mainGroup = 93DFB2C5DA3B5B0F927C73DE;
			productRefGroup = 93DFB4C57993937D3B1EE3E9 /* Products */;
			projectDirPath = "";
			projectRoot = "";
			targets = (
				93DFB5D8D0EFBC46BE255618 /* AdventOfCode2022 */,
			);
		};
/* End PBXProject section */

/* Begin PBXSourcesBuildPhase section */
		93DFB9F358E495845BFB6C31 /* Sources */ = {
			isa = PBXSourcesBuildPhase;
			buildActionMask = 2147483647;
			files = (
				93DFBDEDCBCCE54BF38C9291 /* main.swift in Sources */,
				93DFBE2BACD38203ED9993DB /* Day1.swift in Sources */,
				93DFBDABDAC32996ED3C431A /* Day2.swift in Sources */,
				93DFB49A162B70CDEAD41AFF /* Day3.swift in Sources */,
				93DFB03DFC16DB5E63E6D19D /* Day4.swift in Sources */,
				93DFB5D235AE73D72EC8C3BA /* Day5.swift in Sources */,
				93DFB75A643F3C9B6C6D03E6 /* Day6.swift in Sources */,
				93DFB9B6C05E4CB8D0A25639 /* Day7.swift in Sources */,
			);
			runOnlyForDeploymentPostprocessing = 0;
		};
/* End PBXSourcesBuildPhase section */

/* Begin XCBuildConfiguration section */
		93DFB2A1DEB70D0D3606FC89 /* Release */ = {
			isa = XCBuildConfiguration;
			buildSettings = {
				ALWAYS_SEARCH_USER_PATHS = NO;
				CLANG_ANALYZER_NONNULL = YES;
				CLANG_ANALYZER_NUMBER_OBJECT_CONVERSION = YES_AGGRESSIVE;
				CLANG_CXX_LANGUAGE_STANDARD = "gnu++20";
				CLANG_ENABLE_MODULES = YES;
				CLANG_ENABLE_OBJC_ARC = YES;
				CLANG_ENABLE_OBJC_WEAK = YES;
				CLANG_WARN_BLOCK_CAPTURE_AUTORELEASING = YES;
				CLANG_WARN_BOOL_CONVERSION = YES;
				CLANG_WARN_COMMA = YES;
				CLANG_WARN_CONSTANT_CONVERSION = YES;
				CLANG_WARN_DEPRECATED_OBJC_IMPLEMENTATIONS = YES;
				CLANG_WARN_DIRECT_OBJC_ISA_USAGE = YES_ERROR;
				CLANG_WARN_DOCUMENTATION_COMMENTS = YES;
				CLANG_WARN_EMPTY_BODY = YES;
				CLANG_WARN_ENUM_CONVERSION = YES;
				CLANG_WARN_INFINITE_RECURSION = YES;
				CLANG_WARN_INT_CONVERSION = YES;
				CLANG_WARN_NON_LITERAL_NULL_CONVERSION = YES;
				CLANG_WARN_OBJC_IMPLICIT_RETAIN_SELF = YES;
				CLANG_WARN_OBJC_LITERAL_CONVERSION = YES;
				CLANG_WARN_OBJC_ROOT_CLASS = YES_ERROR;
				CLANG_WARN_QUOTED_INCLUDE_IN_FRAMEWORK_HEADER = YES;
				CLANG_WARN_RANGE_LOOP_ANALYSIS = YES;
				CLANG_WARN_STRICT_PROTOTYPES = YES;
				CLANG_WARN_SUSPICIOUS_MOVE = YES;
				CLANG_WARN_UNGUARDED_AVAILABILITY = YES_AGGRESSIVE;
				CLANG_WARN_UNREACHABLE_CODE = YES;
				CLANG_WARN__DUPLICATE_METHOD_MATCH = YES;
				COPY_PHASE_STRIP = NO;
				DEBUG_INFORMATION_FORMAT = "dwarf-with-dsym";
				ENABLE_NS_ASSERTIONS = NO;
				ENABLE_STRICT_OBJC_MSGSEND = YES;
				GCC_C_LANGUAGE_STANDARD = gnu11;
				GCC_NO_COMMON_BLOCKS = YES;
				GCC_WARN_64_TO_32_BIT_CONVERSION = YES;
				GCC_WARN_ABOUT_RETURN_TYPE = YES_ERROR;
				GCC_WARN_UNDECLARED_SELECTOR = YES;
				GCC_WARN_UNINITIALIZED_AUTOS = YES_AGGRESSIVE;
				GCC_WARN_UNUSED_FUNCTION = YES;
				GCC_WARN_UNUSED_VARIABLE = YES;
				MACOSX_DEPLOYMENT_TARGET = 13.0;
				MTL_ENABLE_DEBUG_INFO = NO;
				MTL_FAST_MATH = YES;
				SDKROOT = macosx;
				SWIFT_COMPILATION_MODE = wholemodule;
				SWIFT_OPTIMIZATION_LEVEL = "-O";
			};
			name = Release;
		};
		93DFB6047A01491E305EE9FF /* Release */ = {
			isa = XCBuildConfiguration;
			buildSettings = {
				PRODUCT_NAME = "$(TARGET_NAME)";
				SWIFT_VERSION = 5.0;
			};
			name = Release;
		};
		93DFBCB03E3B415223FDF105 /* Debug */ = {
			isa = XCBuildConfiguration;
			buildSettings = {
				ALWAYS_SEARCH_USER_PATHS = NO;
				CLANG_ANALYZER_NONNULL = YES;
				CLANG_ANALYZER_NUMBER_OBJECT_CONVERSION = YES_AGGRESSIVE;
				CLANG_CXX_LANGUAGE_STANDARD = "gnu++20";
				CLANG_ENABLE_MODULES = YES;
				CLANG_ENABLE_OBJC_ARC = YES;
				CLANG_ENABLE_OBJC_WEAK = YES;
				CLANG_WARN_BLOCK_CAPTURE_AUTORELEASING = YES;
				CLANG_WARN_BOOL_CONVERSION = YES;
				CLANG_WARN_COMMA = YES;
				CLANG_WARN_CONSTANT_CONVERSION = YES;
				CLANG_WARN_DEPRECATED_OBJC_IMPLEMENTATIONS = YES;
				CLANG_WARN_DIRECT_OBJC_ISA_USAGE = YES_ERROR;
				CLANG_WARN_DOCUMENTATION_COMMENTS = YES;
				CLANG_WARN_EMPTY_BODY = YES;
				CLANG_WARN_ENUM_CONVERSION = YES;
				CLANG_WARN_INFINITE_RECURSION = YES;
				CLANG_WARN_INT_CONVERSION = YES;
				CLANG_WARN_NON_LITERAL_NULL_CONVERSION = YES;
				CLANG_WARN_OBJC_IMPLICIT_RETAIN_SELF = YES;
				CLANG_WARN_OBJC_LITERAL_CONVERSION = YES;
				CLANG_WARN_OBJC_ROOT_CLASS = YES_ERROR;
				CLANG_WARN_QUOTED_INCLUDE_IN_FRAMEWORK_HEADER = YES;
				CLANG_WARN_RANGE_LOOP_ANALYSIS = YES;
				CLANG_WARN_STRICT_PROTOTYPES = YES;
				CLANG_WARN_SUSPICIOUS_MOVE = YES;
				CLANG_WARN_UNGUARDED_AVAILABILITY = YES_AGGRESSIVE;
				CLANG_WARN_UNREACHABLE_CODE = YES;
				CLANG_WARN__DUPLICATE_METHOD_MATCH = YES;
				COPY_PHASE_STRIP = NO;
				DEBUG_INFORMATION_FORMAT = dwarf;
				ENABLE_STRICT_OBJC_MSGSEND = YES;
				ENABLE_TESTABILITY = YES;
				GCC_C_LANGUAGE_STANDARD = gnu11;
				GCC_DYNAMIC_NO_PIC = NO;
				GCC_NO_COMMON_BLOCKS = YES;
				GCC_OPTIMIZATION_LEVEL = 0;
				GCC_PREPROCESSOR_DEFINITIONS = (
					"DEBUG=1",
					"$(inherited)",
				);
				GCC_WARN_64_TO_32_BIT_CONVERSION = YES;
				GCC_WARN_ABOUT_RETURN_TYPE = YES_ERROR;
				GCC_WARN_UNDECLARED_SELECTOR = YES;
				GCC_WARN_UNINITIALIZED_AUTOS = YES_AGGRESSIVE;
				GCC_WARN_UNUSED_FUNCTION = YES;
				GCC_WARN_UNUSED_VARIABLE = YES;
				MACOSX_DEPLOYMENT_TARGET = 13.0;
				MTL_ENABLE_DEBUG_INFO = INCLUDE_SOURCE;
				MTL_FAST_MATH = YES;
				ONLY_ACTIVE_ARCH = YES;
				SDKROOT = macosx;
				SWIFT_ACTIVE_COMPILATION_CONDITIONS = DEBUG;
				SWIFT_OPTIMIZATION_LEVEL = "-Onone";
			};
			name = Debug;
		};
		93DFBF62C1BB06065691F6BB /* Debug */ = {
			isa = XCBuildConfiguration;
			buildSettings = {
				PRODUCT_NAME = "$(TARGET_NAME)";
				SWIFT_VERSION = 5.0;
			};
			name = Debug;
		};
/* End XCBuildConfiguration section */

/* Begin XCConfigurationList section */
		93DFB388520AFAD4C4D46EBC /* Build configuration list for PBXNativeTarget "AdventOfCode2022" */ = {
			isa = XCConfigurationList;
			buildConfigurations = (
				93DFBF62C1BB06065691F6BB /* Debug */,
				93DFB6047A01491E305EE9FF /* Release */,
			);
			defaultConfigurationIsVisible = 0;
		};
		93DFBE5A87FBAA0372244C7A /* Build configuration list for PBXProject "AdventOfCode2022" */ = {
			isa = XCConfigurationList;
			buildConfigurations = (
				93DFBCB03E3B415223FDF105 /* Debug */,
				93DFB2A1DEB70D0D3606FC89 /* Release */,
			);
			defaultConfigurationIsVisible = 0;
			defaultConfigurationName = Release;
		};
/* End XCConfigurationList section */
	};
	rootObject = 93DFB45D172EC5A1C3AC395F /* Project object */;
}
